// !$*UTF8*$!
{
	archiveVersion = 1;
	classes = {
	};
	objectVersion = 46;
	objects = {

/* Begin PBXBuildFile section */
		8C6D120A1F0DF79D00B98E5A /* AppDelegate.swift in Sources */ = {isa = PBXBuildFile; fileRef = 8C6D12091F0DF79D00B98E5A /* AppDelegate.swift */; };
		8C6D120C1F0DF79D00B98E5A /* ViewController.swift in Sources */ = {isa = PBXBuildFile; fileRef = 8C6D120B1F0DF79D00B98E5A /* ViewController.swift */; };
		8C6D120F1F0DF79D00B98E5A /* Main.storyboard in Resources */ = {isa = PBXBuildFile; fileRef = 8C6D120D1F0DF79D00B98E5A /* Main.storyboard */; };
		8C6D12111F0DF79D00B98E5A /* Assets.xcassets in Resources */ = {isa = PBXBuildFile; fileRef = 8C6D12101F0DF79D00B98E5A /* Assets.xcassets */; };
		8C6D12141F0DF79D00B98E5A /* LaunchScreen.storyboard in Resources */ = {isa = PBXBuildFile; fileRef = 8C6D12121F0DF79D00B98E5A /* LaunchScreen.storyboard */; };
		8C6D121F1F0DF79D00B98E5A /* NinjaGoldTests.swift in Sources */ = {isa = PBXBuildFile; fileRef = 8C6D121E1F0DF79D00B98E5A /* NinjaGoldTests.swift */; };
		8C6D122A1F0DF79D00B98E5A /* NinjaGoldUITests.swift in Sources */ = {isa = PBXBuildFile; fileRef = 8C6D12291F0DF79D00B98E5A /* NinjaGoldUITests.swift */; };
/* End PBXBuildFile section */

/* Begin PBXContainerItemProxy section */
		8C6D121B1F0DF79D00B98E5A /* PBXContainerItemProxy */ = {
			isa = PBXContainerItemProxy;
			containerPortal = 8C6D11FE1F0DF79D00B98E5A /* Project object */;
			proxyType = 1;
			remoteGlobalIDString = 8C6D12051F0DF79D00B98E5A;
			remoteInfo = NinjaGold;
		};
		8C6D12261F0DF79D00B98E5A /* PBXContainerItemProxy */ = {
			isa = PBXContainerItemProxy;
			containerPortal = 8C6D11FE1F0DF79D00B98E5A /* Project object */;
			proxyType = 1;
			remoteGlobalIDString = 8C6D12051F0DF79D00B98E5A;
			remoteInfo = NinjaGold;
		};
/* End PBXContainerItemProxy section */

/* Begin PBXFileReference section */
		8C6D12061F0DF79D00B98E5A /* NinjaGold.app */ = {isa = PBXFileReference; explicitFileType = wrapper.application; includeInIndex = 0; path = NinjaGold.app; sourceTree = BUILT_PRODUCTS_DIR; };
		8C6D12091F0DF79D00B98E5A /* AppDelegate.swift */ = {isa = PBXFileReference; lastKnownFileType = sourcecode.swift; path = AppDelegate.swift; sourceTree = "<group>"; };
		8C6D120B1F0DF79D00B98E5A /* ViewController.swift */ = {isa = PBXFileReference; lastKnownFileType = sourcecode.swift; path = ViewController.swift; sourceTree = "<group>"; };
		8C6D120E1F0DF79D00B98E5A /* Base */ = {isa = PBXFileReference; lastKnownFileType = file.storyboard; name = Base; path = Base.lproj/Main.storyboard; sourceTree = "<group>"; };
		8C6D12101F0DF79D00B98E5A /* Assets.xcassets */ = {isa = PBXFileReference; lastKnownFileType = folder.assetcatalog; path = Assets.xcassets; sourceTree = "<group>"; };
		8C6D12131F0DF79D00B98E5A /* Base */ = {isa = PBXFileReference; lastKnownFileType = file.storyboard; name = Base; path = Base.lproj/LaunchScreen.storyboard; sourceTree = "<group>"; };
		8C6D12151F0DF79D00B98E5A /* Info.plist */ = {isa = PBXFileReference; lastKnownFileType = text.plist.xml; path = Info.plist; sourceTree = "<group>"; };
		8C6D121A1F0DF79D00B98E5A /* NinjaGoldTests.xctest */ = {isa = PBXFileReference; explicitFileType = wrapper.cfbundle; includeInIndex = 0; path = NinjaGoldTests.xctest; sourceTree = BUILT_PRODUCTS_DIR; };
		8C6D121E1F0DF79D00B98E5A /* NinjaGoldTests.swift */ = {isa = PBXFileReference; lastKnownFileType = sourcecode.swift; path = NinjaGoldTests.swift; sourceTree = "<group>"; };
		8C6D12201F0DF79D00B98E5A /* Info.plist */ = {isa = PBXFileReference; lastKnownFileType = text.plist.xml; path = Info.plist; sourceTree = "<group>"; };
		8C6D12251F0DF79D00B98E5A /* NinjaGoldUITests.xctest */ = {isa = PBXFileReference; explicitFileType = wrapper.cfbundle; includeInIndex = 0; path = NinjaGoldUITests.xctest; sourceTree = BUILT_PRODUCTS_DIR; };
		8C6D12291F0DF79D00B98E5A /* NinjaGoldUITests.swift */ = {isa = PBXFileReference; lastKnownFileType = sourcecode.swift; path = NinjaGoldUITests.swift; sourceTree = "<group>"; };
		8C6D122B1F0DF79D00B98E5A /* Info.plist */ = {isa = PBXFileReference; lastKnownFileType = text.plist.xml; path = Info.plist; sourceTree = "<group>"; };
/* End PBXFileReference section */

/* Begin PBXFrameworksBuildPhase section */
		8C6D12031F0DF79D00B98E5A /* Frameworks */ = {
			isa = PBXFrameworksBuildPhase;
			buildActionMask = 2147483647;
			files = (
			);
			runOnlyForDeploymentPostprocessing = 0;
		};
		8C6D12171F0DF79D00B98E5A /* Frameworks */ = {
			isa = PBXFrameworksBuildPhase;
			buildActionMask = 2147483647;
			files = (
			);
			runOnlyForDeploymentPostprocessing = 0;
		};
		8C6D12221F0DF79D00B98E5A /* Frameworks */ = {
			isa = PBXFrameworksBuildPhase;
			buildActionMask = 2147483647;
			files = (
			);
			runOnlyForDeploymentPostprocessing = 0;
		};
/* End PBXFrameworksBuildPhase section */

/* Begin PBXGroup section */
		8C6D11FD1F0DF79D00B98E5A = {
			isa = PBXGroup;
			children = (
				8C6D12081F0DF79D00B98E5A /* NinjaGold */,
				8C6D121D1F0DF79D00B98E5A /* NinjaGoldTests */,
				8C6D12281F0DF79D00B98E5A /* NinjaGoldUITests */,
				8C6D12071F0DF79D00B98E5A /* Products */,
			);
			sourceTree = "<group>";
		};
		8C6D12071F0DF79D00B98E5A /* Products */ = {
			isa = PBXGroup;
			children = (
				8C6D12061F0DF79D00B98E5A /* NinjaGold.app */,
				8C6D121A1F0DF79D00B98E5A /* NinjaGoldTests.xctest */,
				8C6D12251F0DF79D00B98E5A /* NinjaGoldUITests.xctest */,
			);
			name = Products;
			sourceTree = "<group>";
		};
		8C6D12081F0DF79D00B98E5A /* NinjaGold */ = {
			isa = PBXGroup;
			children = (
				8C6D12091F0DF79D00B98E5A /* AppDelegate.swift */,
				8C6D120B1F0DF79D00B98E5A /* ViewController.swift */,
				8C6D120D1F0DF79D00B98E5A /* Main.storyboard */,
				8C6D12101F0DF79D00B98E5A /* Assets.xcassets */,
				8C6D12121F0DF79D00B98E5A /* LaunchScreen.storyboard */,
				8C6D12151F0DF79D00B98E5A /* Info.plist */,
			);
			path = NinjaGold;
			sourceTree = "<group>";
		};
		8C6D121D1F0DF79D00B98E5A /* NinjaGoldTests */ = {
			isa = PBXGroup;
			children = (
				8C6D121E1F0DF79D00B98E5A /* NinjaGoldTests.swift */,
				8C6D12201F0DF79D00B98E5A /* Info.plist */,
			);
			path = NinjaGoldTests;
			sourceTree = "<group>";
		};
		8C6D12281F0DF79D00B98E5A /* NinjaGoldUITests */ = {
			isa = PBXGroup;
			children = (
				8C6D12291F0DF79D00B98E5A /* NinjaGoldUITests.swift */,
				8C6D122B1F0DF79D00B98E5A /* Info.plist */,
			);
			path = NinjaGoldUITests;
			sourceTree = "<group>";
		};
/* End PBXGroup section */

/* Begin PBXNativeTarget section */
		8C6D12051F0DF79D00B98E5A /* NinjaGold */ = {
			isa = PBXNativeTarget;
			buildConfigurationList = 8C6D122E1F0DF79D00B98E5A /* Build configuration list for PBXNativeTarget "NinjaGold" */;
			buildPhases = (
				8C6D12021F0DF79D00B98E5A /* Sources */,
				8C6D12031F0DF79D00B98E5A /* Frameworks */,
				8C6D12041F0DF79D00B98E5A /* Resources */,
			);
			buildRules = (
			);
			dependencies = (
			);
			name = NinjaGold;
			productName = NinjaGold;
			productReference = 8C6D12061F0DF79D00B98E5A /* NinjaGold.app */;
			productType = "com.apple.product-type.application";
		};
		8C6D12191F0DF79D00B98E5A /* NinjaGoldTests */ = {
			isa = PBXNativeTarget;
			buildConfigurationList = 8C6D12311F0DF79D00B98E5A /* Build configuration list for PBXNativeTarget "NinjaGoldTests" */;
			buildPhases = (
				8C6D12161F0DF79D00B98E5A /* Sources */,
				8C6D12171F0DF79D00B98E5A /* Frameworks */,
				8C6D12181F0DF79D00B98E5A /* Resources */,
			);
			buildRules = (
			);
			dependencies = (
				8C6D121C1F0DF79D00B98E5A /* PBXTargetDependency */,
			);
			name = NinjaGoldTests;
			productName = NinjaGoldTests;
			productReference = 8C6D121A1F0DF79D00B98E5A /* NinjaGoldTests.xctest */;
			productType = "com.apple.product-type.bundle.unit-test";
		};
		8C6D12241F0DF79D00B98E5A /* NinjaGoldUITests */ = {
			isa = PBXNativeTarget;
			buildConfigurationList = 8C6D12341F0DF79D00B98E5A /* Build configuration list for PBXNativeTarget "NinjaGoldUITests" */;
			buildPhases = (
				8C6D12211F0DF79D00B98E5A /* Sources */,
				8C6D12221F0DF79D00B98E5A /* Frameworks */,
				8C6D12231F0DF79D00B98E5A /* Resources */,
			);
			buildRules = (
			);
			dependencies = (
				8C6D12271F0DF79D00B98E5A /* PBXTargetDependency */,
			);
			name = NinjaGoldUITests;
			productName = NinjaGoldUITests;
			productReference = 8C6D12251F0DF79D00B98E5A /* NinjaGoldUITests.xctest */;
			productType = "com.apple.product-type.bundle.ui-testing";
		};
/* End PBXNativeTarget section */

/* Begin PBXProject section */
		8C6D11FE1F0DF79D00B98E5A /* Project object */ = {
			isa = PBXProject;
			attributes = {
				LastSwiftUpdateCheck = 0830;
				LastUpgradeCheck = 0830;
				ORGANIZATIONNAME = "Kaan Kabalak";
				TargetAttributes = {
					8C6D12051F0DF79D00B98E5A = {
						CreatedOnToolsVersion = 8.3.3;
						ProvisioningStyle = Automatic;
					};
					8C6D12191F0DF79D00B98E5A = {
						CreatedOnToolsVersion = 8.3.3;
						ProvisioningStyle = Automatic;
						TestTargetID = 8C6D12051F0DF79D00B98E5A;
					};
					8C6D12241F0DF79D00B98E5A = {
						CreatedOnToolsVersion = 8.3.3;
						ProvisioningStyle = Automatic;
						TestTargetID = 8C6D12051F0DF79D00B98E5A;
					};
				};
			};
			buildConfigurationList = 8C6D12011F0DF79D00B98E5A /* Build configuration list for PBXProject "NinjaGold" */;
			compatibilityVersion = "Xcode 3.2";
			developmentRegion = English;
			hasScannedForEncodings = 0;
			knownRegions = (
				en,
				Base,
			);
			mainGroup = 8C6D11FD1F0DF79D00B98E5A;
			productRefGroup = 8C6D12071F0DF79D00B98E5A /* Products */;
			projectDirPath = "";
			projectRoot = "";
			targets = (
				8C6D12051F0DF79D00B98E5A /* NinjaGold */,
				8C6D12191F0DF79D00B98E5A /* NinjaGoldTests */,
				8C6D12241F0DF79D00B98E5A /* NinjaGoldUITests */,
			);
		};
/* End PBXProject section */

/* Begin PBXResourcesBuildPhase section */
		8C6D12041F0DF79D00B98E5A /* Resources */ = {
			isa = PBXResourcesBuildPhase;
			buildActionMask = 2147483647;
			files = (
				8C6D12141F0DF79D00B98E5A /* LaunchScreen.storyboard in Resources */,
				8C6D12111F0DF79D00B98E5A /* Assets.xcassets in Resources */,
				8C6D120F1F0DF79D00B98E5A /* Main.storyboard in Resources */,
			);
			runOnlyForDeploymentPostprocessing = 0;
		};
		8C6D12181F0DF79D00B98E5A /* Resources */ = {
			isa = PBXResourcesBuildPhase;
			buildActionMask = 2147483647;
			files = (
			);
			runOnlyForDeploymentPostprocessing = 0;
		};
		8C6D12231F0DF79D00B98E5A /* Resources */ = {
			isa = PBXResourcesBuildPhase;
			buildActionMask = 2147483647;
			files = (
			);
			runOnlyForDeploymentPostprocessing = 0;
		};
/* End PBXResourcesBuildPhase section */

/* Begin PBXSourcesBuildPhase section */
		8C6D12021F0DF79D00B98E5A /* Sources */ = {
			isa = PBXSourcesBuildPhase;
			buildActionMask = 2147483647;
			files = (
				8C6D120C1F0DF79D00B98E5A /* ViewController.swift in Sources */,
				8C6D120A1F0DF79D00B98E5A /* AppDelegate.swift in Sources */,
			);
			runOnlyForDeploymentPostprocessing = 0;
		};
		8C6D12161F0DF79D00B98E5A /* Sources */ = {
			isa = PBXSourcesBuildPhase;
			buildActionMask = 2147483647;
			files = (
				8C6D121F1F0DF79D00B98E5A /* NinjaGoldTests.swift in Sources */,
			);
			runOnlyForDeploymentPostprocessing = 0;
		};
		8C6D12211F0DF79D00B98E5A /* Sources */ = {
			isa = PBXSourcesBuildPhase;
			buildActionMask = 2147483647;
			files = (
				8C6D122A1F0DF79D00B98E5A /* NinjaGoldUITests.swift in Sources */,
			);
			runOnlyForDeploymentPostprocessing = 0;
		};
/* End PBXSourcesBuildPhase section */

/* Begin PBXTargetDependency section */
		8C6D121C1F0DF79D00B98E5A /* PBXTargetDependency */ = {
			isa = PBXTargetDependency;
			target = 8C6D12051F0DF79D00B98E5A /* NinjaGold */;
			targetProxy = 8C6D121B1F0DF79D00B98E5A /* PBXContainerItemProxy */;
		};
		8C6D12271F0DF79D00B98E5A /* PBXTargetDependency */ = {
			isa = PBXTargetDependency;
			target = 8C6D12051F0DF79D00B98E5A /* NinjaGold */;
			targetProxy = 8C6D12261F0DF79D00B98E5A /* PBXContainerItemProxy */;
		};
/* End PBXTargetDependency section */

/* Begin PBXVariantGroup section */
		8C6D120D1F0DF79D00B98E5A /* Main.storyboard */ = {
			isa = PBXVariantGroup;
			children = (
				8C6D120E1F0DF79D00B98E5A /* Base */,
			);
			name = Main.storyboard;
			sourceTree = "<group>";
		};
		8C6D12121F0DF79D00B98E5A /* LaunchScreen.storyboard */ = {
			isa = PBXVariantGroup;
			children = (
				8C6D12131F0DF79D00B98E5A /* Base */,
			);
			name = LaunchScreen.storyboard;
			sourceTree = "<group>";
		};
/* End PBXVariantGroup section */

/* Begin XCBuildConfiguration section */
		8C6D122C1F0DF79D00B98E5A /* Debug */ = {
			isa = XCBuildConfiguration;
			buildSettings = {
				ALWAYS_SEARCH_USER_PATHS = NO;
				CLANG_ANALYZER_NONNULL = YES;
				CLANG_ANALYZER_NUMBER_OBJECT_CONVERSION = YES_AGGRESSIVE;
				CLANG_CXX_LANGUAGE_STANDARD = "gnu++0x";
				CLANG_CXX_LIBRARY = "libc++";
				CLANG_ENABLE_MODULES = YES;
				CLANG_ENABLE_OBJC_ARC = YES;
				CLANG_WARN_BOOL_CONVERSION = YES;
				CLANG_WARN_CONSTANT_CONVERSION = YES;
				CLANG_WARN_DIRECT_OBJC_ISA_USAGE = YES_ERROR;
				CLANG_WARN_DOCUMENTATION_COMMENTS = YES;
				CLANG_WARN_EMPTY_BODY = YES;
				CLANG_WARN_ENUM_CONVERSION = YES;
				CLANG_WARN_INFINITE_RECURSION = YES;
				CLANG_WARN_INT_CONVERSION = YES;
				CLANG_WARN_OBJC_ROOT_CLASS = YES_ERROR;
				CLANG_WARN_SUSPICIOUS_MOVE = YES;
				CLANG_WARN_UNREACHABLE_CODE = YES;
				CLANG_WARN__DUPLICATE_METHOD_MATCH = YES;
				"CODE_SIGN_IDENTITY[sdk=iphoneos*]" = "iPhone Developer";
				COPY_PHASE_STRIP = NO;
				DEBUG_INFORMATION_FORMAT = dwarf;
				ENABLE_STRICT_OBJC_MSGSEND = YES;
				ENABLE_TESTABILITY = YES;
				GCC_C_LANGUAGE_STANDARD = gnu99;
				GCC_DYNAMIC_NO_PIC = NO;
				GCC_NO_COMMON_BLOCKS = YES;
				GCC_OPTIMIZATION_LEVEL = 0;
				GCC_PREPROCESSOR_DEFINITIONS = (
					"DEBUG=1",
					"$(inherited)",
				);
				GCC_WARN_64_TO_32_BIT_CONVERSION = YES;
				GCC_WARN_ABOUT_RETURN_TYPE = YES_ERROR;
				GCC_WARN_UNDECLARED_SELECTOR = YES;
				GCC_WARN_UNINITIALIZED_AUTOS = YES_AGGRESSIVE;
				GCC_WARN_UNUSED_FUNCTION = YES;
				GCC_WARN_UNUSED_VARIABLE = YES;
				IPHONEOS_DEPLOYMENT_TARGET = 10.3;
				MTL_ENABLE_DEBUG_INFO = YES;
				ONLY_ACTIVE_ARCH = YES;
				SDKROOT = iphoneos;
				SWIFT_ACTIVE_COMPILATION_CONDITIONS = DEBUG;
				SWIFT_OPTIMIZATION_LEVEL = "-Onone";
				TARGETED_DEVICE_FAMILY = "1,2";
			};
			name = Debug;
		};
		8C6D122D1F0DF79D00B98E5A /* Release */ = {
			isa = XCBuildConfiguration;
			buildSettings = {
				ALWAYS_SEARCH_USER_PATHS = NO;
				CLANG_ANALYZER_NONNULL = YES;
				CLANG_ANALYZER_NUMBER_OBJECT_CONVERSION = YES_AGGRESSIVE;
				CLANG_CXX_LANGUAGE_STANDARD = "gnu++0x";
				CLANG_CXX_LIBRARY = "libc++";
				CLANG_ENABLE_MODULES = YES;
				CLANG_ENABLE_OBJC_ARC = YES;
				CLANG_WARN_BOOL_CONVERSION = YES;
				CLANG_WARN_CONSTANT_CONVERSION = YES;
				CLANG_WARN_DIRECT_OBJC_ISA_USAGE = YES_ERROR;
				CLANG_WARN_DOCUMENTATION_COMMENTS = YES;
				CLANG_WARN_EMPTY_BODY = YES;
				CLANG_WARN_ENUM_CONVERSION = YES;
				CLANG_WARN_INFINITE_RECURSION = YES;
				CLANG_WARN_INT_CONVERSION = YES;
				CLANG_WARN_OBJC_ROOT_CLASS = YES_ERROR;
				CLANG_WARN_SUSPICIOUS_MOVE = YES;
				CLANG_WARN_UNREACHABLE_CODE = YES;
				CLANG_WARN__DUPLICATE_METHOD_MATCH = YES;
				"CODE_SIGN_IDENTITY[sdk=iphoneos*]" = "iPhone Developer";
				COPY_PHASE_STRIP = NO;
				DEBUG_INFORMATION_FORMAT = "dwarf-with-dsym";
				ENABLE_NS_ASSERTIONS = NO;
				ENABLE_STRICT_OBJC_MSGSEND = YES;
				GCC_C_LANGUAGE_STANDARD = gnu99;
				GCC_NO_COMMON_BLOCKS = YES;
				GCC_WARN_64_TO_32_BIT_CONVERSION = YES;
				GCC_WARN_ABOUT_RETURN_TYPE = YES_ERROR;
				GCC_WARN_UNDECLARED_SELECTOR = YES;
				GCC_WARN_UNINITIALIZED_AUTOS = YES_AGGRESSIVE;
				GCC_WARN_UNUSED_FUNCTION = YES;
				GCC_WARN_UNUSED_VARIABLE = YES;
				IPHONEOS_DEPLOYMENT_TARGET = 10.3;
				MTL_ENABLE_DEBUG_INFO = NO;
				SDKROOT = iphoneos;
				SWIFT_OPTIMIZATION_LEVEL = "-Owholemodule";
				TARGETED_DEVICE_FAMILY = "1,2";
				VALIDATE_PRODUCT = YES;
			};
			name = Release;
		};
		8C6D122F1F0DF79D00B98E5A /* Debug */ = {
			isa = XCBuildConfiguration;
			buildSettings = {
				ASSETCATALOG_COMPILER_APPICON_NAME = AppIcon;
				INFOPLIST_FILE = NinjaGold/Info.plist;
				LD_RUNPATH_SEARCH_PATHS = "$(inherited) @executable_path/Frameworks";
				PRODUCT_BUNDLE_IDENTIFIER = com.codingdojo.NinjaGold;
				PRODUCT_NAME = "$(TARGET_NAME)";
				SWIFT_VERSION = 3.0;
			};
			name = Debug;
		};
		8C6D12301F0DF79D00B98E5A /* Release */ = {
			isa = XCBuildConfiguration;
			buildSettings = {
				ASSETCATALOG_COMPILER_APPICON_NAME = AppIcon;
				INFOPLIST_FILE = NinjaGold/Info.plist;
				LD_RUNPATH_SEARCH_PATHS = "$(inherited) @executable_path/Frameworks";
				PRODUCT_BUNDLE_IDENTIFIER = com.codingdojo.NinjaGold;
				PRODUCT_NAME = "$(TARGET_NAME)";
				SWIFT_VERSION = 3.0;
			};
			name = Release;
		};
		8C6D12321F0DF79D00B98E5A /* Debug */ = {
			isa = XCBuildConfiguration;
			buildSettings = {
				ALWAYS_EMBED_SWIFT_STANDARD_LIBRARIES = YES;
				BUNDLE_LOADER = "$(TEST_HOST)";
				INFOPLIST_FILE = NinjaGoldTests/Info.plist;
				LD_RUNPATH_SEARCH_PATHS = "$(inherited) @executable_path/Frameworks @loader_path/Frameworks";
				PRODUCT_BUNDLE_IDENTIFIER = com.codingdojo.NinjaGoldTests;
				PRODUCT_NAME = "$(TARGET_NAME)";
				SWIFT_VERSION = 3.0;
				TEST_HOST = "$(BUILT_PRODUCTS_DIR)/NinjaGold.app/NinjaGold";
			};
			name = Debug;
		};
		8C6D12331F0DF79D00B98E5A /* Release */ = {
			isa = XCBuildConfiguration;
			buildSettings = {
				ALWAYS_EMBED_SWIFT_STANDARD_LIBRARIES = YES;
				BUNDLE_LOADER = "$(TEST_HOST)";
				INFOPLIST_FILE = NinjaGoldTests/Info.plist;
				LD_RUNPATH_SEARCH_PATHS = "$(inherited) @executable_path/Frameworks @loader_path/Frameworks";
				PRODUCT_BUNDLE_IDENTIFIER = com.codingdojo.NinjaGoldTests;
				PRODUCT_NAME = "$(TARGET_NAME)";
				SWIFT_VERSION = 3.0;
				TEST_HOST = "$(BUILT_PRODUCTS_DIR)/NinjaGold.app/NinjaGold";
			};
			name = Release;
		};
		8C6D12351F0DF79D00B98E5A /* Debug */ = {
			isa = XCBuildConfiguration;
			buildSettings = {
				ALWAYS_EMBED_SWIFT_STANDARD_LIBRARIES = YES;
				INFOPLIST_FILE = NinjaGoldUITests/Info.plist;
				LD_RUNPATH_SEARCH_PATHS = "$(inherited) @executable_path/Frameworks @loader_path/Frameworks";
				PRODUCT_BUNDLE_IDENTIFIER = com.codingdojo.NinjaGoldUITests;
				PRODUCT_NAME = "$(TARGET_NAME)";
				SWIFT_VERSION = 3.0;
				TEST_TARGET_NAME = NinjaGold;
			};
			name = Debug;
		};
		8C6D12361F0DF79D00B98E5A /* Release */ = {
			isa = XCBuildConfiguration;
			buildSettings = {
				ALWAYS_EMBED_SWIFT_STANDARD_LIBRARIES = YES;
				INFOPLIST_FILE = NinjaGoldUITests/Info.plist;
				LD_RUNPATH_SEARCH_PATHS = "$(inherited) @executable_path/Frameworks @loader_path/Frameworks";
				PRODUCT_BUNDLE_IDENTIFIER = com.codingdojo.NinjaGoldUITests;
				PRODUCT_NAME = "$(TARGET_NAME)";
				SWIFT_VERSION = 3.0;
				TEST_TARGET_NAME = NinjaGold;
			};
			name = Release;
		};
/* End XCBuildConfiguration section */

/* Begin XCConfigurationList section */
		8C6D12011F0DF79D00B98E5A /* Build configuration list for PBXProject "NinjaGold" */ = {
			isa = XCConfigurationList;
			buildConfigurations = (
				8C6D122C1F0DF79D00B98E5A /* Debug */,
				8C6D122D1F0DF79D00B98E5A /* Release */,
			);
			defaultConfigurationIsVisible = 0;
			defaultConfigurationName = Release;
		};
		8C6D122E1F0DF79D00B98E5A /* Build configuration list for PBXNativeTarget "NinjaGold" */ = {
			isa = XCConfigurationList;
			buildConfigurations = (
				8C6D122F1F0DF79D00B98E5A /* Debug */,
				8C6D12301F0DF79D00B98E5A /* Release */,
			);
			defaultConfigurationIsVisible = 0;
		};
		8C6D12311F0DF79D00B98E5A /* Build configuration list for PBXNativeTarget "NinjaGoldTests" */ = {
			isa = XCConfigurationList;
			buildConfigurations = (
				8C6D12321F0DF79D00B98E5A /* Debug */,
				8C6D12331F0DF79D00B98E5A /* Release */,
			);
			defaultConfigurationIsVisible = 0;
		};
		8C6D12341F0DF79D00B98E5A /* Build configuration list for PBXNativeTarget "NinjaGoldUITests" */ = {
			isa = XCConfigurationList;
			buildConfigurations = (
				8C6D12351F0DF79D00B98E5A /* Debug */,
				8C6D12361F0DF79D00B98E5A /* Release */,
			);
			defaultConfigurationIsVisible = 0;
		};
/* End XCConfigurationList section */
	};
	rootObject = 8C6D11FE1F0DF79D00B98E5A /* Project object */;
}
